{
  "requires": true,
  "lockfileVersion": 1,
  "dependencies": {
    "dragscroll": {
      "version": "0.0.8",
      "resolved": "https://registry.npmjs.org/dragscroll/-/dragscroll-0.0.8.tgz",
      "integrity": "sha512-nMrx/KErHpEkiKZlrghcT/nLWCj8vEJgv6s6TF84gmgn6uROPx2wRvClkcnjSEyvppYY9okOI1DIv573Toql1w=="
    }
  }
}
